// !$*UTF8*$!
{
	archiveVersion = 1;
	classes = {
	};
	objectVersion = 77;
	objects = {

/* Begin PBXContainerItemProxy section */
		3D9EDA2C2D511C3F00E74FF6 /* PBXContainerItemProxy */ = {
			isa = PBXContainerItemProxy;
			containerPortal = 3D9EDA132D511C3D00E74FF6 /* Project object */;
			proxyType = 1;
			remoteGlobalIDString = 3D9EDA1A2D511C3D00E74FF6;
			remoteInfo = pedometer;
		};
		3D9EDA362D511C3F00E74FF6 /* PBXContainerItemProxy */ = {
			isa = PBXContainerItemProxy;
			containerPortal = 3D9EDA132D511C3D00E74FF6 /* Project object */;
			proxyType = 1;
			remoteGlobalIDString = 3D9EDA1A2D511C3D00E74FF6;
			remoteInfo = pedometer;
		};
/* End PBXContainerItemProxy section */

/* Begin PBXFileReference section */
		3D9EDA1B2D511C3D00E74FF6 /* pedometer.app */ = {isa = PBXFileReference; explicitFileType = wrapper.application; includeInIndex = 0; path = pedometer.app; sourceTree = BUILT_PRODUCTS_DIR; };
		3D9EDA2B2D511C3F00E74FF6 /* pedometerTests.xctest */ = {isa = PBXFileReference; explicitFileType = wrapper.cfbundle; includeInIndex = 0; path = pedometerTests.xctest; sourceTree = BUILT_PRODUCTS_DIR; };
		3D9EDA352D511C3F00E74FF6 /* pedometerUITests.xctest */ = {isa = PBXFileReference; explicitFileType = wrapper.cfbundle; includeInIndex = 0; path = pedometerUITests.xctest; sourceTree = BUILT_PRODUCTS_DIR; };
/* End PBXFileReference section */

/* Begin PBXFileSystemSynchronizedBuildFileExceptionSet section */
		3D9EDA492D511C7100E74FF6 /* Exceptions for "pedometer" folder in "pedometer" target */ = {
			isa = PBXFileSystemSynchronizedBuildFileExceptionSet;
			membershipExceptions = (
				Info.plist,
			);
			target = 3D9EDA1A2D511C3D00E74FF6 /* pedometer */;
		};
/* End PBXFileSystemSynchronizedBuildFileExceptionSet section */

/* Begin PBXFileSystemSynchronizedRootGroup section */
		3D9EDA1D2D511C3D00E74FF6 /* pedometer */ = {
			isa = PBXFileSystemSynchronizedRootGroup;
			exceptions = (
				3D9EDA492D511C7100E74FF6 /* Exceptions for "pedometer" folder in "pedometer" target */,
			);
			path = pedometer;
			sourceTree = "<group>";
		};
		3D9EDA2E2D511C3F00E74FF6 /* pedometerTests */ = {
			isa = PBXFileSystemSynchronizedRootGroup;
			path = pedometerTests;
			sourceTree = "<group>";
		};
		3D9EDA382D511C3F00E74FF6 /* pedometerUITests */ = {
			isa = PBXFileSystemSynchronizedRootGroup;
			path = pedometerUITests;
			sourceTree = "<group>";
		};
/* End PBXFileSystemSynchronizedRootGroup section */

/* Begin PBXFrameworksBuildPhase section */
		3D9EDA182D511C3D00E74FF6 /* Frameworks */ = {
			isa = PBXFrameworksBuildPhase;
			buildActionMask = 2147483647;
			files = (
			);
			runOnlyForDeploymentPostprocessing = 0;
		};
		3D9EDA282D511C3F00E74FF6 /* Frameworks */ = {
			isa = PBXFrameworksBuildPhase;
			buildActionMask = 2147483647;
			files = (
			);
			runOnlyForDeploymentPostprocessing = 0;
		};
		3D9EDA322D511C3F00E74FF6 /* Frameworks */ = {
			isa = PBXFrameworksBuildPhase;
			buildActionMask = 2147483647;
			files = (
			);
			runOnlyForDeploymentPostprocessing = 0;
		};
/* End PBXFrameworksBuildPhase section */

/* Begin PBXGroup section */
		3D9EDA122D511C3D00E74FF6 = {
			isa = PBXGroup;
			children = (
				3D9EDA1D2D511C3D00E74FF6 /* pedometer */,
				3D9EDA2E2D511C3F00E74FF6 /* pedometerTests */,
				3D9EDA382D511C3F00E74FF6 /* pedometerUITests */,
				3D9EDA1C2D511C3D00E74FF6 /* Products */,
			);
			sourceTree = "<group>";
		};
		3D9EDA1C2D511C3D00E74FF6 /* Products */ = {
			isa = PBXGroup;
			children = (
				3D9EDA1B2D511C3D00E74FF6 /* pedometer.app */,
				3D9EDA2B2D511C3F00E74FF6 /* pedometerTests.xctest */,
				3D9EDA352D511C3F00E74FF6 /* pedometerUITests.xctest */,
			);
			name = Products;
			sourceTree = "<group>";
		};
/* End PBXGroup section */

/* Begin PBXNativeTarget section */
		3D9EDA1A2D511C3D00E74FF6 /* pedometer */ = {
			isa = PBXNativeTarget;
			buildConfigurationList = 3D9EDA3F2D511C3F00E74FF6 /* Build configuration list for PBXNativeTarget "pedometer" */;
			buildPhases = (
				3D9EDA172D511C3D00E74FF6 /* Sources */,
				3D9EDA182D511C3D00E74FF6 /* Frameworks */,
				3D9EDA192D511C3D00E74FF6 /* Resources */,
			);
			buildRules = (
			);
			dependencies = (
			);
			fileSystemSynchronizedGroups = (
				3D9EDA1D2D511C3D00E74FF6 /* pedometer */,
			);
			name = pedometer;
			packageProductDependencies = (
			);
			productName = pedometer;
			productReference = 3D9EDA1B2D511C3D00E74FF6 /* pedometer.app */;
			productType = "com.apple.product-type.application";
		};
		3D9EDA2A2D511C3F00E74FF6 /* pedometerTests */ = {
			isa = PBXNativeTarget;
			buildConfigurationList = 3D9EDA422D511C3F00E74FF6 /* Build configuration list for PBXNativeTarget "pedometerTests" */;
			buildPhases = (
				3D9EDA272D511C3F00E74FF6 /* Sources */,
				3D9EDA282D511C3F00E74FF6 /* Frameworks */,
				3D9EDA292D511C3F00E74FF6 /* Resources */,
			);
			buildRules = (
			);
			dependencies = (
				3D9EDA2D2D511C3F00E74FF6 /* PBXTargetDependency */,
			);
			fileSystemSynchronizedGroups = (
				3D9EDA2E2D511C3F00E74FF6 /* pedometerTests */,
			);
			name = pedometerTests;
			packageProductDependencies = (
			);
			productName = pedometerTests;
			productReference = 3D9EDA2B2D511C3F00E74FF6 /* pedometerTests.xctest */;
			productType = "com.apple.product-type.bundle.unit-test";
		};
		3D9EDA342D511C3F00E74FF6 /* pedometerUITests */ = {
			isa = PBXNativeTarget;
			buildConfigurationList = 3D9EDA452D511C3F00E74FF6 /* Build configuration list for PBXNativeTarget "pedometerUITests" */;
			buildPhases = (
				3D9EDA312D511C3F00E74FF6 /* Sources */,
				3D9EDA322D511C3F00E74FF6 /* Frameworks */,
				3D9EDA332D511C3F00E74FF6 /* Resources */,
			);
			buildRules = (
			);
			dependencies = (
				3D9EDA372D511C3F00E74FF6 /* PBXTargetDependency */,
			);
			fileSystemSynchronizedGroups = (
				3D9EDA382D511C3F00E74FF6 /* pedometerUITests */,
			);
			name = pedometerUITests;
			packageProductDependencies = (
			);
			productName = pedometerUITests;
			productReference = 3D9EDA352D511C3F00E74FF6 /* pedometerUITests.xctest */;
			productType = "com.apple.product-type.bundle.ui-testing";
		};
/* End PBXNativeTarget section */

/* Begin PBXProject section */
		3D9EDA132D511C3D00E74FF6 /* Project object */ = {
			isa = PBXProject;
			attributes = {
				BuildIndependentTargetsInParallel = 1;
				LastSwiftUpdateCheck = 1620;
				LastUpgradeCheck = 1620;
				TargetAttributes = {
					3D9EDA1A2D511C3D00E74FF6 = {
						CreatedOnToolsVersion = 16.2;
					};
					3D9EDA2A2D511C3F00E74FF6 = {
						CreatedOnToolsVersion = 16.2;
						TestTargetID = 3D9EDA1A2D511C3D00E74FF6;
					};
					3D9EDA342D511C3F00E74FF6 = {
						CreatedOnToolsVersion = 16.2;
						TestTargetID = 3D9EDA1A2D511C3D00E74FF6;
					};
				};
			};
			buildConfigurationList = 3D9EDA162D511C3D00E74FF6 /* Build configuration list for PBXProject "pedometer" */;
			developmentRegion = en;
			hasScannedForEncodings = 0;
			knownRegions = (
				en,
				Base,
			);
			mainGroup = 3D9EDA122D511C3D00E74FF6;
			minimizedProjectReferenceProxies = 1;
			preferredProjectObjectVersion = 77;
			productRefGroup = 3D9EDA1C2D511C3D00E74FF6 /* Products */;
			projectDirPath = "";
			projectRoot = "";
			targets = (
				3D9EDA1A2D511C3D00E74FF6 /* pedometer */,
				3D9EDA2A2D511C3F00E74FF6 /* pedometerTests */,
				3D9EDA342D511C3F00E74FF6 /* pedometerUITests */,
			);
		};
/* End PBXProject section */

/* Begin PBXResourcesBuildPhase section */
		3D9EDA192D511C3D00E74FF6 /* Resources */ = {
			isa = PBXResourcesBuildPhase;
			buildActionMask = 2147483647;
			files = (
			);
			runOnlyForDeploymentPostprocessing = 0;
		};
		3D9EDA292D511C3F00E74FF6 /* Resources */ = {
			isa = PBXResourcesBuildPhase;
			buildActionMask = 2147483647;
			files = (
			);
			runOnlyForDeploymentPostprocessing = 0;
		};
		3D9EDA332D511C3F00E74FF6 /* Resources */ = {
			isa = PBXResourcesBuildPhase;
			buildActionMask = 2147483647;
			files = (
			);
			runOnlyForDeploymentPostprocessing = 0;
		};
/* End PBXResourcesBuildPhase section */

/* Begin PBXSourcesBuildPhase section */
		3D9EDA172D511C3D00E74FF6 /* Sources */ = {
			isa = PBXSourcesBuildPhase;
			buildActionMask = 2147483647;
			files = (
			);
			runOnlyForDeploymentPostprocessing = 0;
		};
		3D9EDA272D511C3F00E74FF6 /* Sources */ = {
			isa = PBXSourcesBuildPhase;
			buildActionMask = 2147483647;
			files = (
			);
			runOnlyForDeploymentPostprocessing = 0;
		};
		3D9EDA312D511C3F00E74FF6 /* Sources */ = {
			isa = PBXSourcesBuildPhase;
			buildActionMask = 2147483647;
			files = (
			);
			runOnlyForDeploymentPostprocessing = 0;
		};
/* End PBXSourcesBuildPhase section */

/* Begin PBXTargetDependency section */
		3D9EDA2D2D511C3F00E74FF6 /* PBXTargetDependency */ = {
			isa = PBXTargetDependency;
			target = 3D9EDA1A2D511C3D00E74FF6 /* pedometer */;
			targetProxy = 3D9EDA2C2D511C3F00E74FF6 /* PBXContainerItemProxy */;
		};
		3D9EDA372D511C3F00E74FF6 /* PBXTargetDependency */ = {
			isa = PBXTargetDependency;
			target = 3D9EDA1A2D511C3D00E74FF6 /* pedometer */;
			targetProxy = 3D9EDA362D511C3F00E74FF6 /* PBXContainerItemProxy */;
		};
/* End PBXTargetDependency section */

/* Begin XCBuildConfiguration section */
		3D9EDA3D2D511C3F00E74FF6 /* Debug */ = {
			isa = XCBuildConfiguration;
			buildSettings = {
				ALWAYS_SEARCH_USER_PATHS = NO;
				ASSETCATALOG_COMPILER_GENERATE_SWIFT_ASSET_SYMBOL_EXTENSIONS = YES;
				CLANG_ANALYZER_NONNULL = YES;
				CLANG_ANALYZER_NUMBER_OBJECT_CONVERSION = YES_AGGRESSIVE;
				CLANG_CXX_LANGUAGE_STANDARD = "gnu++20";
				CLANG_ENABLE_MODULES = YES;
				CLANG_ENABLE_OBJC_ARC = YES;
				CLANG_ENABLE_OBJC_WEAK = YES;
				CLANG_WARN_BLOCK_CAPTURE_AUTORELEASING = YES;
				CLANG_WARN_BOOL_CONVERSION = YES;
				CLANG_WARN_COMMA = YES;
				CLANG_WARN_CONSTANT_CONVERSION = YES;
				CLANG_WARN_DEPRECATED_OBJC_IMPLEMENTATIONS = YES;
				CLANG_WARN_DIRECT_OBJC_ISA_USAGE = YES_ERROR;
				CLANG_WARN_DOCUMENTATION_COMMENTS = YES;
				CLANG_WARN_EMPTY_BODY = YES;
				CLANG_WARN_ENUM_CONVERSION = YES;
				CLANG_WARN_INFINITE_RECURSION = YES;
				CLANG_WARN_INT_CONVERSION = YES;
				CLANG_WARN_NON_LITERAL_NULL_CONVERSION = YES;
				CLANG_WARN_OBJC_IMPLICIT_RETAIN_SELF = YES;
				CLANG_WARN_OBJC_LITERAL_CONVERSION = YES;
				CLANG_WARN_OBJC_ROOT_CLASS = YES_ERROR;
				CLANG_WARN_QUOTED_INCLUDE_IN_FRAMEWORK_HEADER = YES;
				CLANG_WARN_RANGE_LOOP_ANALYSIS = YES;
				CLANG_WARN_STRICT_PROTOTYPES = YES;
				CLANG_WARN_SUSPICIOUS_MOVE = YES;
				CLANG_WARN_UNGUARDED_AVAILABILITY = YES_AGGRESSIVE;
				CLANG_WARN_UNREACHABLE_CODE = YES;
				CLANG_WARN__DUPLICATE_METHOD_MATCH = YES;
				COPY_PHASE_STRIP = NO;
				DEBUG_INFORMATION_FORMAT = dwarf;
				ENABLE_STRICT_OBJC_MSGSEND = YES;
				ENABLE_TESTABILITY = YES;
				ENABLE_USER_SCRIPT_SANDBOXING = YES;
				GCC_C_LANGUAGE_STANDARD = gnu17;
				GCC_DYNAMIC_NO_PIC = NO;
				GCC_NO_COMMON_BLOCKS = YES;
				GCC_OPTIMIZATION_LEVEL = 0;
				GCC_PREPROCESSOR_DEFINITIONS = (
					"DEBUG=1",
					"$(inherited)",
				);
				GCC_WARN_64_TO_32_BIT_CONVERSION = YES;
				GCC_WARN_ABOUT_RETURN_TYPE = YES_ERROR;
				GCC_WARN_UNDECLARED_SELECTOR = YES;
				GCC_WARN_UNINITIALIZED_AUTOS = YES_AGGRESSIVE;
				GCC_WARN_UNUSED_FUNCTION = YES;
				GCC_WARN_UNUSED_VARIABLE = YES;
				IPHONEOS_DEPLOYMENT_TARGET = 18.2;
				LOCALIZATION_PREFERS_STRING_CATALOGS = YES;
				MTL_ENABLE_DEBUG_INFO = INCLUDE_SOURCE;
				MTL_FAST_MATH = YES;
				ONLY_ACTIVE_ARCH = YES;
				SDKROOT = iphoneos;
				SWIFT_ACTIVE_COMPILATION_CONDITIONS = "DEBUG $(inherited)";
				SWIFT_OPTIMIZATION_LEVEL = "-Onone";
			};
			name = Debug;
		};
		3D9EDA3E2D511C3F00E74FF6 /* Release */ = {
			isa = XCBuildConfiguration;
			buildSettings = {
				ALWAYS_SEARCH_USER_PATHS = NO;
				ASSETCATALOG_COMPILER_GENERATE_SWIFT_ASSET_SYMBOL_EXTENSIONS = YES;
				CLANG_ANALYZER_NONNULL = YES;
				CLANG_ANALYZER_NUMBER_OBJECT_CONVERSION = YES_AGGRESSIVE;
				CLANG_CXX_LANGUAGE_STANDARD = "gnu++20";
				CLANG_ENABLE_MODULES = YES;
				CLANG_ENABLE_OBJC_ARC = YES;
				CLANG_ENABLE_OBJC_WEAK = YES;
				CLANG_WARN_BLOCK_CAPTURE_AUTORELEASING = YES;
				CLANG_WARN_BOOL_CONVERSION = YES;
				CLANG_WARN_COMMA = YES;
				CLANG_WARN_CONSTANT_CONVERSION = YES;
				CLANG_WARN_DEPRECATED_OBJC_IMPLEMENTATIONS = YES;
				CLANG_WARN_DIRECT_OBJC_ISA_USAGE = YES_ERROR;
				CLANG_WARN_DOCUMENTATION_COMMENTS = YES;
				CLANG_WARN_EMPTY_BODY = YES;
				CLANG_WARN_ENUM_CONVERSION = YES;
				CLANG_WARN_INFINITE_RECURSION = YES;
				CLANG_WARN_INT_CONVERSION = YES;
				CLANG_WARN_NON_LITERAL_NULL_CONVERSION = YES;
				CLANG_WARN_OBJC_IMPLICIT_RETAIN_SELF = YES;
				CLANG_WARN_OBJC_LITERAL_CONVERSION = YES;
				CLANG_WARN_OBJC_ROOT_CLASS = YES_ERROR;
				CLANG_WARN_QUOTED_INCLUDE_IN_FRAMEWORK_HEADER = YES;
				CLANG_WARN_RANGE_LOOP_ANALYSIS = YES;
				CLANG_WARN_STRICT_PROTOTYPES = YES;
				CLANG_WARN_SUSPICIOUS_MOVE = YES;
				CLANG_WARN_UNGUARDED_AVAILABILITY = YES_AGGRESSIVE;
				CLANG_WARN_UNREACHABLE_CODE = YES;
				CLANG_WARN__DUPLICATE_METHOD_MATCH = YES;
				COPY_PHASE_STRIP = NO;
				DEBUG_INFORMATION_FORMAT = "dwarf-with-dsym";
				ENABLE_NS_ASSERTIONS = NO;
				ENABLE_STRICT_OBJC_MSGSEND = YES;
				ENABLE_USER_SCRIPT_SANDBOXING = YES;
				GCC_C_LANGUAGE_STANDARD = gnu17;
				GCC_NO_COMMON_BLOCKS = YES;
				GCC_WARN_64_TO_32_BIT_CONVERSION = YES;
				GCC_WARN_ABOUT_RETURN_TYPE = YES_ERROR;
				GCC_WARN_UNDECLARED_SELECTOR = YES;
				GCC_WARN_UNINITIALIZED_AUTOS = YES_AGGRESSIVE;
				GCC_WARN_UNUSED_FUNCTION = YES;
				GCC_WARN_UNUSED_VARIABLE = YES;
				IPHONEOS_DEPLOYMENT_TARGET = 18.2;
				LOCALIZATION_PREFERS_STRING_CATALOGS = YES;
				MTL_ENABLE_DEBUG_INFO = NO;
				MTL_FAST_MATH = YES;
				SDKROOT = iphoneos;
				SWIFT_COMPILATION_MODE = wholemodule;
				VALIDATE_PRODUCT = YES;
			};
			name = Release;
		};
		3D9EDA402D511C3F00E74FF6 /* Debug */ = {
			isa = XCBuildConfiguration;
			buildSettings = {
				ASSETCATALOG_COMPILER_APPICON_NAME = AppIcon;
				ASSETCATALOG_COMPILER_GLOBAL_ACCENT_COLOR_NAME = AccentColor;
				CODE_SIGN_STYLE = Automatic;
				CURRENT_PROJECT_VERSION = 1;
				DEVELOPMENT_ASSET_PATHS = "\"pedometer/Preview Content\"";
				DEVELOPMENT_TEAM = 25C4N3BSDD;
				ENABLE_PREVIEWS = YES;
				GENERATE_INFOPLIST_FILE = YES;
				INFOPLIST_FILE = pedometer/Info.plist;
				INFOPLIST_KEY_NSMotionUsageDescription = "歩数をカウントするために必要です";
				INFOPLIST_KEY_UIApplicationSceneManifest_Generation = YES;
				INFOPLIST_KEY_UIApplicationSupportsIndirectInputEvents = YES;
				INFOPLIST_KEY_UILaunchScreen_Generation = YES;
				INFOPLIST_KEY_UISupportedInterfaceOrientations_iPad = "UIInterfaceOrientationPortrait UIInterfaceOrientationPortraitUpsideDown UIInterfaceOrientationLandscapeLeft UIInterfaceOrientationLandscapeRight";
				INFOPLIST_KEY_UISupportedInterfaceOrientations_iPhone = "UIInterfaceOrientationPortrait UIInterfaceOrientationLandscapeLeft UIInterfaceOrientationLandscapeRight";
				LD_RUNPATH_SEARCH_PATHS = (
					"$(inherited)",
					"@executable_path/Frameworks",
				);
				MARKETING_VERSION = 1.0;
				PRODUCT_BUNDLE_IDENTIFIER = studio.pedometer;
				PRODUCT_NAME = "$(TARGET_NAME)";
				SWIFT_EMIT_LOC_STRINGS = YES;
				SWIFT_VERSION = 5.0;
				TARGETED_DEVICE_FAMILY = "1,2";
			};
			name = Debug;
		};
		3D9EDA412D511C3F00E74FF6 /* Release */ = {
			isa = XCBuildConfiguration;
			buildSettings = {
				ASSETCATALOG_COMPILER_APPICON_NAME = AppIcon;
				ASSETCATALOG_COMPILER_GLOBAL_ACCENT_COLOR_NAME = AccentColor;
				CODE_SIGN_STYLE = Automatic;
				CURRENT_PROJECT_VERSION = 1;
				DEVELOPMENT_ASSET_PATHS = "\"pedometer/Preview Content\"";
				DEVELOPMENT_TEAM = 25C4N3BSDD;
				ENABLE_PREVIEWS = YES;
				GENERATE_INFOPLIST_FILE = YES;
				INFOPLIST_FILE = pedometer/Info.plist;
				INFOPLIST_KEY_NSMotionUsageDescription = "歩数をカウントするために必要です";
				INFOPLIST_KEY_UIApplicationSceneManifest_Generation = YES;
				INFOPLIST_KEY_UIApplicationSupportsIndirectInputEvents = YES;
				INFOPLIST_KEY_UILaunchScreen_Generation = YES;
				INFOPLIST_KEY_UISupportedInterfaceOrientations_iPad = "UIInterfaceOrientationPortrait UIInterfaceOrientationPortraitUpsideDown UIInterfaceOrientationLandscapeLeft UIInterfaceOrientationLandscapeRight";
				INFOPLIST_KEY_UISupportedInterfaceOrientations_iPhone = "UIInterfaceOrientationPortrait UIInterfaceOrientationLandscapeLeft UIInterfaceOrientationLandscapeRight";
				LD_RUNPATH_SEARCH_PATHS = (
					"$(inherited)",
					"@executable_path/Frameworks",
				);
				MARKETING_VERSION = 1.0;
				PRODUCT_BUNDLE_IDENTIFIER = studio.pedometer;
				PRODUCT_NAME = "$(TARGET_NAME)";
				SWIFT_EMIT_LOC_STRINGS = YES;
				SWIFT_VERSION = 5.0;
				TARGETED_DEVICE_FAMILY = "1,2";
			};
			name = Release;
		};
		3D9EDA432D511C3F00E74FF6 /* Debug */ = {
			isa = XCBuildConfiguration;
			buildSettings = {
				BUNDLE_LOADER = "$(TEST_HOST)";
				CODE_SIGN_STYLE = Automatic;
				CURRENT_PROJECT_VERSION = 1;
				DEVELOPMENT_TEAM = 25C4N3BSDD;
				GENERATE_INFOPLIST_FILE = YES;
				IPHONEOS_DEPLOYMENT_TARGET = 18.2;
				MARKETING_VERSION = 1.0;
				PRODUCT_BUNDLE_IDENTIFIER = studio.pedometerTests;
				PRODUCT_NAME = "$(TARGET_NAME)";
				SWIFT_EMIT_LOC_STRINGS = NO;
				SWIFT_VERSION = 5.0;
				TARGETED_DEVICE_FAMILY = "1,2";
				TEST_HOST = "$(BUILT_PRODUCTS_DIR)/pedometer.app/$(BUNDLE_EXECUTABLE_FOLDER_PATH)/pedometer";
			};
			name = Debug;
		};
		3D9EDA442D511C3F00E74FF6 /* Release */ = {
			isa = XCBuildConfiguration;
			buildSettings = {
				BUNDLE_LOADER = "$(TEST_HOST)";
				CODE_SIGN_STYLE = Automatic;
				CURRENT_PROJECT_VERSION = 1;
				DEVELOPMENT_TEAM = 25C4N3BSDD;
				GENERATE_INFOPLIST_FILE = YES;
				IPHONEOS_DEPLOYMENT_TARGET = 18.2;
				MARKETING_VERSION = 1.0;
				PRODUCT_BUNDLE_IDENTIFIER = studio.pedometerTests;
				PRODUCT_NAME = "$(TARGET_NAME)";
				SWIFT_EMIT_LOC_STRINGS = NO;
				SWIFT_VERSION = 5.0;
				TARGETED_DEVICE_FAMILY = "1,2";
				TEST_HOST = "$(BUILT_PRODUCTS_DIR)/pedometer.app/$(BUNDLE_EXECUTABLE_FOLDER_PATH)/pedometer";
			};
			name = Release;
		};
		3D9EDA462D511C3F00E74FF6 /* Debug */ = {
			isa = XCBuildConfiguration;
			buildSettings = {
				CODE_SIGN_STYLE = Automatic;
				CURRENT_PROJECT_VERSION = 1;
				DEVELOPMENT_TEAM = 25C4N3BSDD;
				GENERATE_INFOPLIST_FILE = YES;
				MARKETING_VERSION = 1.0;
				PRODUCT_BUNDLE_IDENTIFIER = studio.pedometerUITests;
				PRODUCT_NAME = "$(TARGET_NAME)";
				SWIFT_EMIT_LOC_STRINGS = NO;
				SWIFT_VERSION = 5.0;
				TARGETED_DEVICE_FAMILY = "1,2";
				TEST_TARGET_NAME = pedometer;
			};
			name = Debug;
		};
		3D9EDA472D511C3F00E74FF6 /* Release */ = {
			isa = XCBuildConfiguration;
			buildSettings = {
				CODE_SIGN_STYLE = Automatic;
				CURRENT_PROJECT_VERSION = 1;
				DEVELOPMENT_TEAM = 25C4N3BSDD;
				GENERATE_INFOPLIST_FILE = YES;
				MARKETING_VERSION = 1.0;
				PRODUCT_BUNDLE_IDENTIFIER = studio.pedometerUITests;
				PRODUCT_NAME = "$(TARGET_NAME)";
				SWIFT_EMIT_LOC_STRINGS = NO;
				SWIFT_VERSION = 5.0;
				TARGETED_DEVICE_FAMILY = "1,2";
				TEST_TARGET_NAME = pedometer;
			};
			name = Release;
		};
/* End XCBuildConfiguration section */

/* Begin XCConfigurationList section */
		3D9EDA162D511C3D00E74FF6 /* Build configuration list for PBXProject "pedometer" */ = {
			isa = XCConfigurationList;
			buildConfigurations = (
				3D9EDA3D2D511C3F00E74FF6 /* Debug */,
				3D9EDA3E2D511C3F00E74FF6 /* Release */,
			);
			defaultConfigurationIsVisible = 0;
			defaultConfigurationName = Release;
		};
		3D9EDA3F2D511C3F00E74FF6 /* Build configuration list for PBXNativeTarget "pedometer" */ = {
			isa = XCConfigurationList;
			buildConfigurations = (
				3D9EDA402D511C3F00E74FF6 /* Debug */,
				3D9EDA412D511C3F00E74FF6 /* Release */,
			);
			defaultConfigurationIsVisible = 0;
			defaultConfigurationName = Release;
		};
		3D9EDA422D511C3F00E74FF6 /* Build configuration list for PBXNativeTarget "pedometerTests" */ = {
			isa = XCConfigurationList;
			buildConfigurations = (
				3D9EDA432D511C3F00E74FF6 /* Debug */,
				3D9EDA442D511C3F00E74FF6 /* Release */,
			);
			defaultConfigurationIsVisible = 0;
			defaultConfigurationName = Release;
		};
		3D9EDA452D511C3F00E74FF6 /* Build configuration list for PBXNativeTarget "pedometerUITests" */ = {
			isa = XCConfigurationList;
			buildConfigurations = (
				3D9EDA462D511C3F00E74FF6 /* Debug */,
				3D9EDA472D511C3F00E74FF6 /* Release */,
			);
			defaultConfigurationIsVisible = 0;
			defaultConfigurationName = Release;
		};
/* End XCConfigurationList section */
	};
	rootObject = 3D9EDA132D511C3D00E74FF6 /* Project object */;
}
